
Microsoft Visual Studio Solution File, Format Version 12.00
# Visual Studio Version 16
VisualStudioVersion = 16.0.30804.86
MinimumVisualStudioVersion = 10.0.40219.1
Project("{FAE04EC0-301F-11D3-BF4B-00C04F79EFBC}") = "ClassMetodDemo", "ClassMetodDemo\ClassMetodDemo.csproj", "{BDC5FF09-8A49-44C2-A617-C36F5E3E4F6F}"
EndProject
Global
	GlobalSection(SolutionConfigurationPlatforms) = preSolution
		Debug|Any CPU = Debug|Any CPU
		Release|Any CPU = Release|Any CPU
	EndGlobalSection
	GlobalSection(ProjectConfigurationPlatforms) = postSolution
		{BDC5FF09-8A49-44C2-A617-C36F5E3E4F6F}.Debug|Any CPU.ActiveCfg = Debug|Any CPU
		{BDC5FF09-8A49-44C2-A617-C36F5E3E4F6F}.Debug|Any CPU.Build.0 = Debug|Any CPU
		{BDC5FF09-8A49-44C2-A617-C36F5E3E4F6F}.Release|Any CPU.ActiveCfg = Release|Any CPU
		{BDC5FF09-8A49-44C2-A617-C36F5E3E4F6F}.Release|Any CPU.Build.0 = Release|Any CPU
	EndGlobalSection
	GlobalSection(SolutionProperties) = preSolution
		HideSolutionNode = FALSE
	EndGlobalSection
	GlobalSection(ExtensibilityGlobals) = postSolution
		SolutionGuid = {CE51B697-2A7B-4EE3-B4A2-ADB127CD6FB3}
	EndGlobalSection
EndGlobal
